// !$*UTF8*$!
{
	archiveVersion = 1;
	classes = {
	};
	objectVersion = 56;
	objects = {

/* Begin PBXBuildFile section */
		CAADDA792B6193CF00E908A0 /* BLEDemoApp.swift in Sources */ = {isa = PBXBuildFile; fileRef = CAADDA782B6193CF00E908A0 /* BLEDemoApp.swift */; };
		CAADDA7B2B6193CF00E908A0 /* ContentView.swift in Sources */ = {isa = PBXBuildFile; fileRef = CAADDA7A2B6193CF00E908A0 /* ContentView.swift */; };
		CAADDA7D2B6193D100E908A0 /* Assets.xcassets in Resources */ = {isa = PBXBuildFile; fileRef = CAADDA7C2B6193D100E908A0 /* Assets.xcassets */; };
		CAADDA802B6193D100E908A0 /* Preview Assets.xcassets in Resources */ = {isa = PBXBuildFile; fileRef = CAADDA7F2B6193D100E908A0 /* Preview Assets.xcassets */; };
		CAADDA8D2B619BA300E908A0 /* WidgetKit.framework in Frameworks */ = {isa = PBXBuildFile; fileRef = CAADDA8C2B619BA300E908A0 /* WidgetKit.framework */; };
		CAADDA8F2B619BA300E908A0 /* SwiftUI.framework in Frameworks */ = {isa = PBXBuildFile; fileRef = CAADDA8E2B619BA300E908A0 /* SwiftUI.framework */; };
		CAADDA922B619BA300E908A0 /* Widget_DemoBundle.swift in Sources */ = {isa = PBXBuildFile; fileRef = CAADDA912B619BA300E908A0 /* Widget_DemoBundle.swift */; };
		CAADDA942B619BA300E908A0 /* Widget_Demo.swift in Sources */ = {isa = PBXBuildFile; fileRef = CAADDA932B619BA300E908A0 /* Widget_Demo.swift */; };
		CAADDA962B619BA500E908A0 /* Assets.xcassets in Resources */ = {isa = PBXBuildFile; fileRef = CAADDA952B619BA500E908A0 /* Assets.xcassets */; };
		CAADDA9A2B619BA500E908A0 /* Widget DemoExtension.appex in Embed Foundation Extensions */ = {isa = PBXBuildFile; fileRef = CAADDA8A2B619BA300E908A0 /* Widget DemoExtension.appex */; settings = {ATTRIBUTES = (RemoveHeadersOnCopy, ); }; };
/* End PBXBuildFile section */

/* Begin PBXContainerItemProxy section */
		CAADDA982B619BA500E908A0 /* PBXContainerItemProxy */ = {
			isa = PBXContainerItemProxy;
			containerPortal = CAADDA6D2B6193CF00E908A0 /* Project object */;
			proxyType = 1;
			remoteGlobalIDString = CAADDA892B619BA300E908A0;
			remoteInfo = "Widget DemoExtension";
		};
/* End PBXContainerItemProxy section */

/* Begin PBXCopyFilesBuildPhase section */
		CAADDA9E2B619BA500E908A0 /* Embed Foundation Extensions */ = {
			isa = PBXCopyFilesBuildPhase;
			buildActionMask = 2147483647;
			dstPath = "";
			dstSubfolderSpec = 13;
			files = (
				CAADDA9A2B619BA500E908A0 /* Widget DemoExtension.appex in Embed Foundation Extensions */,
			);
			name = "Embed Foundation Extensions";
			runOnlyForDeploymentPostprocessing = 0;
		};
/* End PBXCopyFilesBuildPhase section */

/* Begin PBXFileReference section */
		CAADDA752B6193CF00E908A0 /* BLEDemo.app */ = {isa = PBXFileReference; explicitFileType = wrapper.application; includeInIndex = 0; path = BLEDemo.app; sourceTree = BUILT_PRODUCTS_DIR; };
		CAADDA782B6193CF00E908A0 /* BLEDemoApp.swift */ = {isa = PBXFileReference; lastKnownFileType = sourcecode.swift; path = BLEDemoApp.swift; sourceTree = "<group>"; };
		CAADDA7A2B6193CF00E908A0 /* ContentView.swift */ = {isa = PBXFileReference; lastKnownFileType = sourcecode.swift; path = ContentView.swift; sourceTree = "<group>"; };
		CAADDA7C2B6193D100E908A0 /* Assets.xcassets */ = {isa = PBXFileReference; lastKnownFileType = folder.assetcatalog; path = Assets.xcassets; sourceTree = "<group>"; };
		CAADDA7F2B6193D100E908A0 /* Preview Assets.xcassets */ = {isa = PBXFileReference; lastKnownFileType = folder.assetcatalog; path = "Preview Assets.xcassets"; sourceTree = "<group>"; };
		CAADDA8A2B619BA300E908A0 /* Widget DemoExtension.appex */ = {isa = PBXFileReference; explicitFileType = "wrapper.app-extension"; includeInIndex = 0; path = "Widget DemoExtension.appex"; sourceTree = BUILT_PRODUCTS_DIR; };
		CAADDA8C2B619BA300E908A0 /* WidgetKit.framework */ = {isa = PBXFileReference; lastKnownFileType = wrapper.framework; name = WidgetKit.framework; path = System/Library/Frameworks/WidgetKit.framework; sourceTree = SDKROOT; };
		CAADDA8E2B619BA300E908A0 /* SwiftUI.framework */ = {isa = PBXFileReference; lastKnownFileType = wrapper.framework; name = SwiftUI.framework; path = System/Library/Frameworks/SwiftUI.framework; sourceTree = SDKROOT; };
		CAADDA912B619BA300E908A0 /* Widget_DemoBundle.swift */ = {isa = PBXFileReference; lastKnownFileType = sourcecode.swift; path = Widget_DemoBundle.swift; sourceTree = "<group>"; };
		CAADDA932B619BA300E908A0 /* Widget_Demo.swift */ = {isa = PBXFileReference; lastKnownFileType = sourcecode.swift; path = Widget_Demo.swift; sourceTree = "<group>"; };
		CAADDA952B619BA500E908A0 /* Assets.xcassets */ = {isa = PBXFileReference; lastKnownFileType = folder.assetcatalog; path = Assets.xcassets; sourceTree = "<group>"; };
		CAADDA972B619BA500E908A0 /* Info.plist */ = {isa = PBXFileReference; lastKnownFileType = text.plist.xml; path = Info.plist; sourceTree = "<group>"; };
/* End PBXFileReference section */

/* Begin PBXFrameworksBuildPhase section */
		CAADDA722B6193CF00E908A0 /* Frameworks */ = {
			isa = PBXFrameworksBuildPhase;
			buildActionMask = 2147483647;
			files = (
			);
			runOnlyForDeploymentPostprocessing = 0;
		};
		CAADDA872B619BA300E908A0 /* Frameworks */ = {
			isa = PBXFrameworksBuildPhase;
			buildActionMask = 2147483647;
			files = (
				CAADDA8F2B619BA300E908A0 /* SwiftUI.framework in Frameworks */,
				CAADDA8D2B619BA300E908A0 /* WidgetKit.framework in Frameworks */,
			);
			runOnlyForDeploymentPostprocessing = 0;
		};
/* End PBXFrameworksBuildPhase section */

/* Begin PBXGroup section */
		CAADDA6C2B6193CF00E908A0 = {
			isa = PBXGroup;
			children = (
				CAADDA772B6193CF00E908A0 /* BLEDemo */,
				CAADDA902B619BA300E908A0 /* Widget Demo */,
				CAADDA8B2B619BA300E908A0 /* Frameworks */,
				CAADDA762B6193CF00E908A0 /* Products */,
			);
			sourceTree = "<group>";
		};
		CAADDA762B6193CF00E908A0 /* Products */ = {
			isa = PBXGroup;
			children = (
				CAADDA752B6193CF00E908A0 /* BLEDemo.app */,
				CAADDA8A2B619BA300E908A0 /* Widget DemoExtension.appex */,
			);
			name = Products;
			sourceTree = "<group>";
		};
		CAADDA772B6193CF00E908A0 /* BLEDemo */ = {
			isa = PBXGroup;
			children = (
				CAADDA782B6193CF00E908A0 /* BLEDemoApp.swift */,
				CAADDA7A2B6193CF00E908A0 /* ContentView.swift */,
				CAADDA7C2B6193D100E908A0 /* Assets.xcassets */,
				CAADDA7E2B6193D100E908A0 /* Preview Content */,
			);
			path = BLEDemo;
			sourceTree = "<group>";
		};
		CAADDA7E2B6193D100E908A0 /* Preview Content */ = {
			isa = PBXGroup;
			children = (
				CAADDA7F2B6193D100E908A0 /* Preview Assets.xcassets */,
			);
			path = "Preview Content";
			sourceTree = "<group>";
		};
		CAADDA8B2B619BA300E908A0 /* Frameworks */ = {
			isa = PBXGroup;
			children = (
				CAADDA8C2B619BA300E908A0 /* WidgetKit.framework */,
				CAADDA8E2B619BA300E908A0 /* SwiftUI.framework */,
			);
			name = Frameworks;
			sourceTree = "<group>";
		};
		CAADDA902B619BA300E908A0 /* Widget Demo */ = {
			isa = PBXGroup;
			children = (
				CAADDA912B619BA300E908A0 /* Widget_DemoBundle.swift */,
				CAADDA932B619BA300E908A0 /* Widget_Demo.swift */,
				CAADDA952B619BA500E908A0 /* Assets.xcassets */,
				CAADDA972B619BA500E908A0 /* Info.plist */,
			);
			path = "Widget Demo";
			sourceTree = "<group>";
		};
/* End PBXGroup section */

/* Begin PBXNativeTarget section */
		CAADDA742B6193CF00E908A0 /* BLEDemo */ = {
			isa = PBXNativeTarget;
			buildConfigurationList = CAADDA832B6193D100E908A0 /* Build configuration list for PBXNativeTarget "BLEDemo" */;
			buildPhases = (
				CAADDA712B6193CF00E908A0 /* Sources */,
				CAADDA722B6193CF00E908A0 /* Frameworks */,
				CAADDA732B6193CF00E908A0 /* Resources */,
				CAADDA9E2B619BA500E908A0 /* Embed Foundation Extensions */,
			);
			buildRules = (
			);
			dependencies = (
				CAADDA992B619BA500E908A0 /* PBXTargetDependency */,
			);
			name = BLEDemo;
			productName = BLEDemo;
			productReference = CAADDA752B6193CF00E908A0 /* BLEDemo.app */;
			productType = "com.apple.product-type.application";
		};
		CAADDA892B619BA300E908A0 /* Widget DemoExtension */ = {
			isa = PBXNativeTarget;
			buildConfigurationList = CAADDA9B2B619BA500E908A0 /* Build configuration list for PBXNativeTarget "Widget DemoExtension" */;
			buildPhases = (
				CAADDA862B619BA300E908A0 /* Sources */,
				CAADDA872B619BA300E908A0 /* Frameworks */,
				CAADDA882B619BA300E908A0 /* Resources */,
			);
			buildRules = (
			);
			dependencies = (
			);
			name = "Widget DemoExtension";
			productName = "Widget DemoExtension";
			productReference = CAADDA8A2B619BA300E908A0 /* Widget DemoExtension.appex */;
			productType = "com.apple.product-type.app-extension";
		};
/* End PBXNativeTarget section */

/* Begin PBXProject section */
		CAADDA6D2B6193CF00E908A0 /* Project object */ = {
			isa = PBXProject;
			attributes = {
				BuildIndependentTargetsInParallel = 1;
				LastSwiftUpdateCheck = 1520;
				LastUpgradeCheck = 1520;
				TargetAttributes = {
					CAADDA742B6193CF00E908A0 = {
						CreatedOnToolsVersion = 15.2;
					};
					CAADDA892B619BA300E908A0 = {
						CreatedOnToolsVersion = 15.2;
					};
				};
			};
			buildConfigurationList = CAADDA702B6193CF00E908A0 /* Build configuration list for PBXProject "BLEDemo" */;
			compatibilityVersion = "Xcode 14.0";
			developmentRegion = en;
			hasScannedForEncodings = 0;
			knownRegions = (
				en,
				Base,
			);
			mainGroup = CAADDA6C2B6193CF00E908A0;
			productRefGroup = CAADDA762B6193CF00E908A0 /* Products */;
			projectDirPath = "";
			projectRoot = "";
			targets = (
				CAADDA742B6193CF00E908A0 /* BLEDemo */,
				CAADDA892B619BA300E908A0 /* Widget DemoExtension */,
			);
		};
/* End PBXProject section */

/* Begin PBXResourcesBuildPhase section */
		CAADDA732B6193CF00E908A0 /* Resources */ = {
			isa = PBXResourcesBuildPhase;
			buildActionMask = 2147483647;
			files = (
				CAADDA802B6193D100E908A0 /* Preview Assets.xcassets in Resources */,
				CAADDA7D2B6193D100E908A0 /* Assets.xcassets in Resources */,
			);
			runOnlyForDeploymentPostprocessing = 0;
		};
		CAADDA882B619BA300E908A0 /* Resources */ = {
			isa = PBXResourcesBuildPhase;
			buildActionMask = 2147483647;
			files = (
				CAADDA962B619BA500E908A0 /* Assets.xcassets in Resources */,
			);
			runOnlyForDeploymentPostprocessing = 0;
		};
/* End PBXResourcesBuildPhase section */

/* Begin PBXSourcesBuildPhase section */
		CAADDA712B6193CF00E908A0 /* Sources */ = {
			isa = PBXSourcesBuildPhase;
			buildActionMask = 2147483647;
			files = (
				CAADDA7B2B6193CF00E908A0 /* ContentView.swift in Sources */,
				CAADDA792B6193CF00E908A0 /* BLEDemoApp.swift in Sources */,
			);
			runOnlyForDeploymentPostprocessing = 0;
		};
		CAADDA862B619BA300E908A0 /* Sources */ = {
			isa = PBXSourcesBuildPhase;
			buildActionMask = 2147483647;
			files = (
				CAADDA942B619BA300E908A0 /* Widget_Demo.swift in Sources */,
				CAADDA922B619BA300E908A0 /* Widget_DemoBundle.swift in Sources */,
			);
			runOnlyForDeploymentPostprocessing = 0;
		};
/* End PBXSourcesBuildPhase section */

/* Begin PBXTargetDependency section */
		CAADDA992B619BA500E908A0 /* PBXTargetDependency */ = {
			isa = PBXTargetDependency;
			target = CAADDA892B619BA300E908A0 /* Widget DemoExtension */;
			targetProxy = CAADDA982B619BA500E908A0 /* PBXContainerItemProxy */;
		};
/* End PBXTargetDependency section */

/* Begin XCBuildConfiguration section */
		CAADDA812B6193D100E908A0 /* Debug */ = {
			isa = XCBuildConfiguration;
			buildSettings = {
				ALWAYS_SEARCH_USER_PATHS = NO;
				ASSETCATALOG_COMPILER_GENERATE_SWIFT_ASSET_SYMBOL_EXTENSIONS = YES;
				CLANG_ANALYZER_NONNULL = YES;
				CLANG_ANALYZER_NUMBER_OBJECT_CONVERSION = YES_AGGRESSIVE;
				CLANG_CXX_LANGUAGE_STANDARD = "gnu++20";
				CLANG_ENABLE_MODULES = YES;
				CLANG_ENABLE_OBJC_ARC = YES;
				CLANG_ENABLE_OBJC_WEAK = YES;
				CLANG_WARN_BLOCK_CAPTURE_AUTORELEASING = YES;
				CLANG_WARN_BOOL_CONVERSION = YES;
				CLANG_WARN_COMMA = YES;
				CLANG_WARN_CONSTANT_CONVERSION = YES;
				CLANG_WARN_DEPRECATED_OBJC_IMPLEMENTATIONS = YES;
				CLANG_WARN_DIRECT_OBJC_ISA_USAGE = YES_ERROR;
				CLANG_WARN_DOCUMENTATION_COMMENTS = YES;
				CLANG_WARN_EMPTY_BODY = YES;
				CLANG_WARN_ENUM_CONVERSION = YES;
				CLANG_WARN_INFINITE_RECURSION = YES;
				CLANG_WARN_INT_CONVERSION = YES;
				CLANG_WARN_NON_LITERAL_NULL_CONVERSION = YES;
				CLANG_WARN_OBJC_IMPLICIT_RETAIN_SELF = YES;
				CLANG_WARN_OBJC_LITERAL_CONVERSION = YES;
				CLANG_WARN_OBJC_ROOT_CLASS = YES_ERROR;
				CLANG_WARN_QUOTED_INCLUDE_IN_FRAMEWORK_HEADER = YES;
				CLANG_WARN_RANGE_LOOP_ANALYSIS = YES;
				CLANG_WARN_STRICT_PROTOTYPES = YES;
				CLANG_WARN_SUSPICIOUS_MOVE = YES;
				CLANG_WARN_UNGUARDED_AVAILABILITY = YES_AGGRESSIVE;
				CLANG_WARN_UNREACHABLE_CODE = YES;
				CLANG_WARN__DUPLICATE_METHOD_MATCH = YES;
				COPY_PHASE_STRIP = NO;
				DEBUG_INFORMATION_FORMAT = dwarf;
				ENABLE_STRICT_OBJC_MSGSEND = YES;
				ENABLE_TESTABILITY = YES;
				ENABLE_USER_SCRIPT_SANDBOXING = YES;
				GCC_C_LANGUAGE_STANDARD = gnu17;
				GCC_DYNAMIC_NO_PIC = NO;
				GCC_NO_COMMON_BLOCKS = YES;
				GCC_OPTIMIZATION_LEVEL = 0;
				GCC_PREPROCESSOR_DEFINITIONS = (
					"DEBUG=1",
					"$(inherited)",
				);
				GCC_WARN_64_TO_32_BIT_CONVERSION = YES;
				GCC_WARN_ABOUT_RETURN_TYPE = YES_ERROR;
				GCC_WARN_UNDECLARED_SELECTOR = YES;
				GCC_WARN_UNINITIALIZED_AUTOS = YES_AGGRESSIVE;
				GCC_WARN_UNUSED_FUNCTION = YES;
				GCC_WARN_UNUSED_VARIABLE = YES;
				IPHONEOS_DEPLOYMENT_TARGET = 17.2;
				LOCALIZATION_PREFERS_STRING_CATALOGS = YES;
				MTL_ENABLE_DEBUG_INFO = INCLUDE_SOURCE;
				MTL_FAST_MATH = YES;
				ONLY_ACTIVE_ARCH = YES;
				SDKROOT = iphoneos;
				SWIFT_ACTIVE_COMPILATION_CONDITIONS = "DEBUG $(inherited)";
				SWIFT_OPTIMIZATION_LEVEL = "-Onone";
			};
			name = Debug;
		};
		CAADDA822B6193D100E908A0 /* Release */ = {
			isa = XCBuildConfiguration;
			buildSettings = {
				ALWAYS_SEARCH_USER_PATHS = NO;
				ASSETCATALOG_COMPILER_GENERATE_SWIFT_ASSET_SYMBOL_EXTENSIONS = YES;
				CLANG_ANALYZER_NONNULL = YES;
				CLANG_ANALYZER_NUMBER_OBJECT_CONVERSION = YES_AGGRESSIVE;
				CLANG_CXX_LANGUAGE_STANDARD = "gnu++20";
				CLANG_ENABLE_MODULES = YES;
				CLANG_ENABLE_OBJC_ARC = YES;
				CLANG_ENABLE_OBJC_WEAK = YES;
				CLANG_WARN_BLOCK_CAPTURE_AUTORELEASING = YES;
				CLANG_WARN_BOOL_CONVERSION = YES;
				CLANG_WARN_COMMA = YES;
				CLANG_WARN_CONSTANT_CONVERSION = YES;
				CLANG_WARN_DEPRECATED_OBJC_IMPLEMENTATIONS = YES;
				CLANG_WARN_DIRECT_OBJC_ISA_USAGE = YES_ERROR;
				CLANG_WARN_DOCUMENTATION_COMMENTS = YES;
				CLANG_WARN_EMPTY_BODY = YES;
				CLANG_WARN_ENUM_CONVERSION = YES;
				CLANG_WARN_INFINITE_RECURSION = YES;
				CLANG_WARN_INT_CONVERSION = YES;
				CLANG_WARN_NON_LITERAL_NULL_CONVERSION = YES;
				CLANG_WARN_OBJC_IMPLICIT_RETAIN_SELF = YES;
				CLANG_WARN_OBJC_LITERAL_CONVERSION = YES;
				CLANG_WARN_OBJC_ROOT_CLASS = YES_ERROR;
				CLANG_WARN_QUOTED_INCLUDE_IN_FRAMEWORK_HEADER = YES;
				CLANG_WARN_RANGE_LOOP_ANALYSIS = YES;
				CLANG_WARN_STRICT_PROTOTYPES = YES;
				CLANG_WARN_SUSPICIOUS_MOVE = YES;
				CLANG_WARN_UNGUARDED_AVAILABILITY = YES_AGGRESSIVE;
				CLANG_WARN_UNREACHABLE_CODE = YES;
				CLANG_WARN__DUPLICATE_METHOD_MATCH = YES;
				COPY_PHASE_STRIP = NO;
				DEBUG_INFORMATION_FORMAT = "dwarf-with-dsym";
				ENABLE_NS_ASSERTIONS = NO;
				ENABLE_STRICT_OBJC_MSGSEND = YES;
				ENABLE_USER_SCRIPT_SANDBOXING = YES;
				GCC_C_LANGUAGE_STANDARD = gnu17;
				GCC_NO_COMMON_BLOCKS = YES;
				GCC_WARN_64_TO_32_BIT_CONVERSION = YES;
				GCC_WARN_ABOUT_RETURN_TYPE = YES_ERROR;
				GCC_WARN_UNDECLARED_SELECTOR = YES;
				GCC_WARN_UNINITIALIZED_AUTOS = YES_AGGRESSIVE;
				GCC_WARN_UNUSED_FUNCTION = YES;
				GCC_WARN_UNUSED_VARIABLE = YES;
				IPHONEOS_DEPLOYMENT_TARGET = 17.2;
				LOCALIZATION_PREFERS_STRING_CATALOGS = YES;
				MTL_ENABLE_DEBUG_INFO = NO;
				MTL_FAST_MATH = YES;
				SDKROOT = iphoneos;
				SWIFT_COMPILATION_MODE = wholemodule;
				VALIDATE_PRODUCT = YES;
			};
			name = Release;
		};
		CAADDA842B6193D100E908A0 /* Debug */ = {
			isa = XCBuildConfiguration;
			buildSettings = {
				ALWAYS_EMBED_SWIFT_STANDARD_LIBRARIES = YES;
				ASSETCATALOG_COMPILER_APPICON_NAME = AppIcon;
				ASSETCATALOG_COMPILER_GLOBAL_ACCENT_COLOR_NAME = AccentColor;
				CODE_SIGN_IDENTITY = "Apple Development";
				CODE_SIGN_STYLE = Automatic;
				CURRENT_PROJECT_VERSION = 1;
				DEVELOPMENT_ASSET_PATHS = "\"BLEDemo/Preview Content\"";
				DEVELOPMENT_TEAM = 87D7Y5VKGS;
				ENABLE_PREVIEWS = YES;
				GENERATE_INFOPLIST_FILE = YES;
				INFOPLIST_KEY_UIApplicationSceneManifest_Generation = YES;
				INFOPLIST_KEY_UIApplicationSupportsIndirectInputEvents = YES;
				INFOPLIST_KEY_UILaunchScreen_Generation = YES;
				INFOPLIST_KEY_UISupportedInterfaceOrientations_iPad = "UIInterfaceOrientationPortrait UIInterfaceOrientationPortraitUpsideDown UIInterfaceOrientationLandscapeLeft UIInterfaceOrientationLandscapeRight";
				INFOPLIST_KEY_UISupportedInterfaceOrientations_iPhone = "UIInterfaceOrientationPortrait UIInterfaceOrientationLandscapeLeft UIInterfaceOrientationLandscapeRight";
				IPHONEOS_DEPLOYMENT_TARGET = 16.2;
				LD_RUNPATH_SEARCH_PATHS = (
					"$(inherited)",
					"@executable_path/Frameworks",
				);
				MARKETING_VERSION = 1.0;
				PRODUCT_BUNDLE_IDENTIFIER = com.thule.connect.prototype;
				PRODUCT_NAME = "$(TARGET_NAME)";
				PROVISIONING_PROFILE_SPECIFIER = "";
				SUPPORTED_PLATFORMS = "iphoneos iphonesimulator";
				SUPPORTS_MACCATALYST = NO;
				SUPPORTS_MAC_DESIGNED_FOR_IPHONE_IPAD = NO;
				SUPPORTS_XR_DESIGNED_FOR_IPHONE_IPAD = NO;
				SWIFT_EMIT_LOC_STRINGS = YES;
				SWIFT_VERSION = 5.0;
				TARGETED_DEVICE_FAMILY = 1;
			};
			name = Debug;
		};
		CAADDA852B6193D100E908A0 /* Release */ = {
			isa = XCBuildConfiguration;
			buildSettings = {
				ALWAYS_EMBED_SWIFT_STANDARD_LIBRARIES = YES;
				ASSETCATALOG_COMPILER_APPICON_NAME = AppIcon;
				ASSETCATALOG_COMPILER_GLOBAL_ACCENT_COLOR_NAME = AccentColor;
				CODE_SIGN_IDENTITY = "Apple Development";
				CODE_SIGN_STYLE = Automatic;
				CURRENT_PROJECT_VERSION = 1;
				DEVELOPMENT_ASSET_PATHS = "\"BLEDemo/Preview Content\"";
				DEVELOPMENT_TEAM = 87D7Y5VKGS;
				ENABLE_PREVIEWS = YES;
				GENERATE_INFOPLIST_FILE = YES;
				INFOPLIST_KEY_UIApplicationSceneManifest_Generation = YES;
				INFOPLIST_KEY_UIApplicationSupportsIndirectInputEvents = YES;
				INFOPLIST_KEY_UILaunchScreen_Generation = YES;
				INFOPLIST_KEY_UISupportedInterfaceOrientations_iPad = "UIInterfaceOrientationPortrait UIInterfaceOrientationPortraitUpsideDown UIInterfaceOrientationLandscapeLeft UIInterfaceOrientationLandscapeRight";
				INFOPLIST_KEY_UISupportedInterfaceOrientations_iPhone = "UIInterfaceOrientationPortrait UIInterfaceOrientationLandscapeLeft UIInterfaceOrientationLandscapeRight";
				IPHONEOS_DEPLOYMENT_TARGET = 16.2;
				LD_RUNPATH_SEARCH_PATHS = (
					"$(inherited)",
					"@executable_path/Frameworks",
				);
				MARKETING_VERSION = 1.0;
				PRODUCT_BUNDLE_IDENTIFIER = com.thule.connect.prototype;
				PRODUCT_NAME = "$(TARGET_NAME)";
				PROVISIONING_PROFILE_SPECIFIER = "";
				SUPPORTED_PLATFORMS = "iphoneos iphonesimulator";
				SUPPORTS_MACCATALYST = NO;
				SUPPORTS_MAC_DESIGNED_FOR_IPHONE_IPAD = NO;
				SUPPORTS_XR_DESIGNED_FOR_IPHONE_IPAD = NO;
				SWIFT_EMIT_LOC_STRINGS = YES;
				SWIFT_VERSION = 5.0;
				TARGETED_DEVICE_FAMILY = 1;
			};
			name = Release;
		};
		CAADDA9C2B619BA500E908A0 /* Debug */ = {
			isa = XCBuildConfiguration;
			buildSettings = {
				ASSETCATALOG_COMPILER_GLOBAL_ACCENT_COLOR_NAME = AccentColor;
				ASSETCATALOG_COMPILER_WIDGET_BACKGROUND_COLOR_NAME = WidgetBackground;
				CODE_SIGN_IDENTITY = "Apple Development";
				CODE_SIGN_STYLE = Automatic;
				CURRENT_PROJECT_VERSION = 1;
				DEVELOPMENT_TEAM = 87D7Y5VKGS;
				GENERATE_INFOPLIST_FILE = YES;
				INFOPLIST_FILE = "Widget Demo/Info.plist";
				INFOPLIST_KEY_CFBundleDisplayName = "Widget Demo";
				INFOPLIST_KEY_NSHumanReadableCopyright = "";
				LD_RUNPATH_SEARCH_PATHS = (
					"$(inherited)",
					"@executable_path/Frameworks",
					"@executable_path/../../Frameworks",
				);
				MARKETING_VERSION = 1.0;
				PRODUCT_BUNDLE_IDENTIFIER = "com.thule.connect.prototype.Widget-Demo";
				PRODUCT_NAME = "$(TARGET_NAME)";
				PROVISIONING_PROFILE_SPECIFIER = "";
				SKIP_INSTALL = YES;
				SUPPORTED_PLATFORMS = "iphoneos iphonesimulator";
				SUPPORTS_MACCATALYST = NO;
				SUPPORTS_MAC_DESIGNED_FOR_IPHONE_IPAD = NO;
				SUPPORTS_XR_DESIGNED_FOR_IPHONE_IPAD = NO;
				SWIFT_EMIT_LOC_STRINGS = YES;
				SWIFT_VERSION = 5.0;
				TARGETED_DEVICE_FAMILY = 1;
			};
			name = Debug;
		};
		CAADDA9D2B619BA500E908A0 /* Release */ = {
			isa = XCBuildConfiguration;
			buildSettings = {
				ASSETCATALOG_COMPILER_GLOBAL_ACCENT_COLOR_NAME = AccentColor;
				ASSETCATALOG_COMPILER_WIDGET_BACKGROUND_COLOR_NAME = WidgetBackground;
				CODE_SIGN_IDENTITY = "Apple Development";
				CODE_SIGN_STYLE = Automatic;
				CURRENT_PROJECT_VERSION = 1;
				DEVELOPMENT_TEAM = 87D7Y5VKGS;
				GENERATE_INFOPLIST_FILE = YES;
				INFOPLIST_FILE = "Widget Demo/Info.plist";
				INFOPLIST_KEY_CFBundleDisplayName = "Widget Demo";
				INFOPLIST_KEY_NSHumanReadableCopyright = "";
				LD_RUNPATH_SEARCH_PATHS = (
					"$(inherited)",
					"@executable_path/Frameworks",
					"@executable_path/../../Frameworks",
				);
				MARKETING_VERSION = 1.0;
				PRODUCT_BUNDLE_IDENTIFIER = "com.thule.connect.prototype.Widget-Demo";
				PRODUCT_NAME = "$(TARGET_NAME)";
				PROVISIONING_PROFILE_SPECIFIER = "";
				SKIP_INSTALL = YES;
				SUPPORTED_PLATFORMS = "iphoneos iphonesimulator";
				SUPPORTS_MACCATALYST = NO;
				SUPPORTS_MAC_DESIGNED_FOR_IPHONE_IPAD = NO;
				SUPPORTS_XR_DESIGNED_FOR_IPHONE_IPAD = NO;
				SWIFT_EMIT_LOC_STRINGS = YES;
				SWIFT_VERSION = 5.0;
				TARGETED_DEVICE_FAMILY = 1;
			};
			name = Release;
		};
/* End XCBuildConfiguration section */

/* Begin XCConfigurationList section */
		CAADDA702B6193CF00E908A0 /* Build configuration list for PBXProject "BLEDemo" */ = {
			isa = XCConfigurationList;
			buildConfigurations = (
				CAADDA812B6193D100E908A0 /* Debug */,
				CAADDA822B6193D100E908A0 /* Release */,
			);
			defaultConfigurationIsVisible = 0;
			defaultConfigurationName = Release;
		};
		CAADDA832B6193D100E908A0 /* Build configuration list for PBXNativeTarget "BLEDemo" */ = {
			isa = XCConfigurationList;
			buildConfigurations = (
				CAADDA842B6193D100E908A0 /* Debug */,
				CAADDA852B6193D100E908A0 /* Release */,
			);
			defaultConfigurationIsVisible = 0;
			defaultConfigurationName = Release;
		};
		CAADDA9B2B619BA500E908A0 /* Build configuration list for PBXNativeTarget "Widget DemoExtension" */ = {
			isa = XCConfigurationList;
			buildConfigurations = (
				CAADDA9C2B619BA500E908A0 /* Debug */,
				CAADDA9D2B619BA500E908A0 /* Release */,
			);
			defaultConfigurationIsVisible = 0;
			defaultConfigurationName = Release;
		};
/* End XCConfigurationList section */
	};
	rootObject = CAADDA6D2B6193CF00E908A0 /* Project object */;
}
